
Microsoft Visual Studio Solution File, Format Version 12.00
# Visual Studio 14
VisualStudioVersion = 14.0.25420.1
MinimumVisualStudioVersion = 10.0.40219.1
Project("{FAE04EC0-301F-11D3-BF4B-00C04F79EFBC}") = "Wallet", "Wallet\Wallet\Wallet.csproj", "{24D99D53-9172-45B7-AFBF-B6166971E240}"
EndProject
Project("{FAE04EC0-301F-11D3-BF4B-00C04F79EFBC}") = "Wallet.Droid", "Wallet\Wallet.Droid\Wallet.Droid.csproj", "{53BC4568-5295-4428-8C8C-C0093D9DC67B}"
EndProject
Project("{FAE04EC0-301F-11D3-BF4B-00C04F79EFBC}") = "Wallet.iOS", "Wallet\Wallet.iOS\Wallet.iOS.csproj", "{FFF455A7-611B-4EE1-BE38-77654A86BA82}"
EndProject
Project("{FAE04EC0-301F-11D3-BF4B-00C04F79EFBC}") = "Wallet.UWP", "Wallet\Wallet.UWP\Wallet.UWP.csproj", "{E11F4934-9610-491B-BC06-29F83AA20373}"
EndProject
Project("{FAE04EC0-301F-11D3-BF4B-00C04F79EFBC}") = "Wallet.Windows", "Wallet\Wallet.Windows\Wallet.Windows.csproj", "{25BC12B4-5A92-4364-A521-8C0B1941A416}"
EndProject
Project("{FAE04EC0-301F-11D3-BF4B-00C04F79EFBC}") = "Wallet.WinPhone", "Wallet\Wallet.WinPhone\Wallet.WinPhone.csproj", "{2547DCFF-50A6-4E64-8BA6-9FEB8B5443D3}"
EndProject
Global
	GlobalSection(SolutionConfigurationPlatforms) = preSolution
		Ad-Hoc|Any CPU = Ad-Hoc|Any CPU
		Ad-Hoc|ARM = Ad-Hoc|ARM
		Ad-Hoc|iPhone = Ad-Hoc|iPhone
		Ad-Hoc|iPhoneSimulator = Ad-Hoc|iPhoneSimulator
		Ad-Hoc|x64 = Ad-Hoc|x64
		Ad-Hoc|x86 = Ad-Hoc|x86
		AppStore|Any CPU = AppStore|Any CPU
		AppStore|ARM = AppStore|ARM
		AppStore|iPhone = AppStore|iPhone
		AppStore|iPhoneSimulator = AppStore|iPhoneSimulator
		AppStore|x64 = AppStore|x64
		AppStore|x86 = AppStore|x86
		Debug|Any CPU = Debug|Any CPU
		Debug|ARM = Debug|ARM
		Debug|iPhone = Debug|iPhone
		Debug|iPhoneSimulator = Debug|iPhoneSimulator
		Debug|x64 = Debug|x64
		Debug|x86 = Debug|x86
		Release|Any CPU = Release|Any CPU
		Release|ARM = Release|ARM
		Release|iPhone = Release|iPhone
		Release|iPhoneSimulator = Release|iPhoneSimulator
		Release|x64 = Release|x64
		Release|x86 = Release|x86
	EndGlobalSection
	GlobalSection(ProjectConfigurationPlatforms) = postSolution
		{24D99D53-9172-45B7-AFBF-B6166971E240}.Ad-Hoc|Any CPU.ActiveCfg = Release|Any CPU
		{24D99D53-9172-45B7-AFBF-B6166971E240}.Ad-Hoc|Any CPU.Build.0 = Release|Any CPU
		{24D99D53-9172-45B7-AFBF-B6166971E240}.Ad-Hoc|ARM.ActiveCfg = Release|Any CPU
		{24D99D53-9172-45B7-AFBF-B6166971E240}.Ad-Hoc|ARM.Build.0 = Release|Any CPU
		{24D99D53-9172-45B7-AFBF-B6166971E240}.Ad-Hoc|iPhone.ActiveCfg = Release|Any CPU
		{24D99D53-9172-45B7-AFBF-B6166971E240}.Ad-Hoc|iPhone.Build.0 = Release|Any CPU
		{24D99D53-9172-45B7-AFBF-B6166971E240}.Ad-Hoc|iPhoneSimulator.ActiveCfg = Release|Any CPU
		{24D99D53-9172-45B7-AFBF-B6166971E240}.Ad-Hoc|iPhoneSimulator.Build.0 = Release|Any CPU
		{24D99D53-9172-45B7-AFBF-B6166971E240}.Ad-Hoc|x64.ActiveCfg = Release|Any CPU
		{24D99D53-9172-45B7-AFBF-B6166971E240}.Ad-Hoc|x64.Build.0 = Release|Any CPU
		{24D99D53-9172-45B7-AFBF-B6166971E240}.Ad-Hoc|x86.ActiveCfg = Release|Any CPU
		{24D99D53-9172-45B7-AFBF-B6166971E240}.Ad-Hoc|x86.Build.0 = Release|Any CPU
		{24D99D53-9172-45B7-AFBF-B6166971E240}.AppStore|Any CPU.ActiveCfg = Release|Any CPU
		{24D99D53-9172-45B7-AFBF-B6166971E240}.AppStore|Any CPU.Build.0 = Release|Any CPU
		{24D99D53-9172-45B7-AFBF-B6166971E240}.AppStore|ARM.ActiveCfg = Release|Any CPU
		{24D99D53-9172-45B7-AFBF-B6166971E240}.AppStore|ARM.Build.0 = Release|Any CPU
		{24D99D53-9172-45B7-AFBF-B6166971E240}.AppStore|iPhone.ActiveCfg = Release|Any CPU
		{24D99D53-9172-45B7-AFBF-B6166971E240}.AppStore|iPhone.Build.0 = Release|Any CPU
		{24D99D53-9172-45B7-AFBF-B6166971E240}.AppStore|iPhoneSimulator.ActiveCfg = Release|Any CPU
		{24D99D53-9172-45B7-AFBF-B6166971E240}.AppStore|iPhoneSimulator.Build.0 = Release|Any CPU
		{24D99D53-9172-45B7-AFBF-B6166971E240}.AppStore|x64.ActiveCfg = Release|Any CPU
		{24D99D53-9172-45B7-AFBF-B6166971E240}.AppStore|x64.Build.0 = Release|Any CPU
		{24D99D53-9172-45B7-AFBF-B6166971E240}.AppStore|x86.ActiveCfg = Release|Any CPU
		{24D99D53-9172-45B7-AFBF-B6166971E240}.AppStore|x86.Build.0 = Release|Any CPU
		{24D99D53-9172-45B7-AFBF-B6166971E240}.Debug|Any CPU.ActiveCfg = Debug|Any CPU
		{24D99D53-9172-45B7-AFBF-B6166971E240}.Debug|Any CPU.Build.0 = Debug|Any CPU
		{24D99D53-9172-45B7-AFBF-B6166971E240}.Debug|ARM.ActiveCfg = Debug|Any CPU
		{24D99D53-9172-45B7-AFBF-B6166971E240}.Debug|ARM.Build.0 = Debug|Any CPU
		{24D99D53-9172-45B7-AFBF-B6166971E240}.Debug|iPhone.ActiveCfg = Debug|Any CPU
		{24D99D53-9172-45B7-AFBF-B6166971E240}.Debug|iPhone.Build.0 = Debug|Any CPU
		{24D99D53-9172-45B7-AFBF-B6166971E240}.Debug|iPhoneSimulator.ActiveCfg = Debug|Any CPU
		{24D99D53-9172-45B7-AFBF-B6166971E240}.Debug|iPhoneSimulator.Build.0 = Debug|Any CPU
		{24D99D53-9172-45B7-AFBF-B6166971E240}.Debug|x64.ActiveCfg = Debug|Any CPU
		{24D99D53-9172-45B7-AFBF-B6166971E240}.Debug|x64.Build.0 = Debug|Any CPU
		{24D99D53-9172-45B7-AFBF-B6166971E240}.Debug|x86.ActiveCfg = Debug|Any CPU
		{24D99D53-9172-45B7-AFBF-B6166971E240}.Debug|x86.Build.0 = Debug|Any CPU
		{24D99D53-9172-45B7-AFBF-B6166971E240}.Release|Any CPU.ActiveCfg = Release|Any CPU
		{24D99D53-9172-45B7-AFBF-B6166971E240}.Release|Any CPU.Build.0 = Release|Any CPU
		{24D99D53-9172-45B7-AFBF-B6166971E240}.Release|ARM.ActiveCfg = Release|Any CPU
		{24D99D53-9172-45B7-AFBF-B6166971E240}.Release|ARM.Build.0 = Release|Any CPU
		{24D99D53-9172-45B7-AFBF-B6166971E240}.Release|iPhone.ActiveCfg = Release|Any CPU
		{24D99D53-9172-45B7-AFBF-B6166971E240}.Release|iPhone.Build.0 = Release|Any CPU
		{24D99D53-9172-45B7-AFBF-B6166971E240}.Release|iPhoneSimulator.ActiveCfg = Release|Any CPU
		{24D99D53-9172-45B7-AFBF-B6166971E240}.Release|iPhoneSimulator.Build.0 = Release|Any CPU
		{24D99D53-9172-45B7-AFBF-B6166971E240}.Release|x64.ActiveCfg = Release|Any CPU
		{24D99D53-9172-45B7-AFBF-B6166971E240}.Release|x64.Build.0 = Release|Any CPU
		{24D99D53-9172-45B7-AFBF-B6166971E240}.Release|x86.ActiveCfg = Release|Any CPU
		{24D99D53-9172-45B7-AFBF-B6166971E240}.Release|x86.Build.0 = Release|Any CPU
		{53BC4568-5295-4428-8C8C-C0093D9DC67B}.Ad-Hoc|Any CPU.ActiveCfg = Release|Any CPU
		{53BC4568-5295-4428-8C8C-C0093D9DC67B}.Ad-Hoc|Any CPU.Build.0 = Release|Any CPU
		{53BC4568-5295-4428-8C8C-C0093D9DC67B}.Ad-Hoc|Any CPU.Deploy.0 = Release|Any CPU
		{53BC4568-5295-4428-8C8C-C0093D9DC67B}.Ad-Hoc|ARM.ActiveCfg = Release|Any CPU
		{53BC4568-5295-4428-8C8C-C0093D9DC67B}.Ad-Hoc|ARM.Build.0 = Release|Any CPU
		{53BC4568-5295-4428-8C8C-C0093D9DC67B}.Ad-Hoc|ARM.Deploy.0 = Release|Any CPU
		{53BC4568-5295-4428-8C8C-C0093D9DC67B}.Ad-Hoc|iPhone.ActiveCfg = Release|Any CPU
		{53BC4568-5295-4428-8C8C-C0093D9DC67B}.Ad-Hoc|iPhone.Build.0 = Release|Any CPU
		{53BC4568-5295-4428-8C8C-C0093D9DC67B}.Ad-Hoc|iPhone.Deploy.0 = Release|Any CPU
		{53BC4568-5295-4428-8C8C-C0093D9DC67B}.Ad-Hoc|iPhoneSimulator.ActiveCfg = Release|Any CPU
		{53BC4568-5295-4428-8C8C-C0093D9DC67B}.Ad-Hoc|iPhoneSimulator.Build.0 = Release|Any CPU
		{53BC4568-5295-4428-8C8C-C0093D9DC67B}.Ad-Hoc|iPhoneSimulator.Deploy.0 = Release|Any CPU
		{53BC4568-5295-4428-8C8C-C0093D9DC67B}.Ad-Hoc|x64.ActiveCfg = Release|Any CPU
		{53BC4568-5295-4428-8C8C-C0093D9DC67B}.Ad-Hoc|x64.Build.0 = Release|Any CPU
		{53BC4568-5295-4428-8C8C-C0093D9DC67B}.Ad-Hoc|x64.Deploy.0 = Release|Any CPU
		{53BC4568-5295-4428-8C8C-C0093D9DC67B}.Ad-Hoc|x86.ActiveCfg = Release|Any CPU
		{53BC4568-5295-4428-8C8C-C0093D9DC67B}.Ad-Hoc|x86.Build.0 = Release|Any CPU
		{53BC4568-5295-4428-8C8C-C0093D9DC67B}.Ad-Hoc|x86.Deploy.0 = Release|Any CPU
		{53BC4568-5295-4428-8C8C-C0093D9DC67B}.AppStore|Any CPU.ActiveCfg = Release|Any CPU
		{53BC4568-5295-4428-8C8C-C0093D9DC67B}.AppStore|Any CPU.Build.0 = Release|Any CPU
		{53BC4568-5295-4428-8C8C-C0093D9DC67B}.AppStore|Any CPU.Deploy.0 = Release|Any CPU
		{53BC4568-5295-4428-8C8C-C0093D9DC67B}.AppStore|ARM.ActiveCfg = Release|Any CPU
		{53BC4568-5295-4428-8C8C-C0093D9DC67B}.AppStore|ARM.Build.0 = Release|Any CPU
		{53BC4568-5295-4428-8C8C-C0093D9DC67B}.AppStore|ARM.Deploy.0 = Release|Any CPU
		{53BC4568-5295-4428-8C8C-C0093D9DC67B}.AppStore|iPhone.ActiveCfg = Release|Any CPU
		{53BC4568-5295-4428-8C8C-C0093D9DC67B}.AppStore|iPhone.Build.0 = Release|Any CPU
		{53BC4568-5295-4428-8C8C-C0093D9DC67B}.AppStore|iPhone.Deploy.0 = Release|Any CPU
		{53BC4568-5295-4428-8C8C-C0093D9DC67B}.AppStore|iPhoneSimulator.ActiveCfg = Release|Any CPU
		{53BC4568-5295-4428-8C8C-C0093D9DC67B}.AppStore|iPhoneSimulator.Build.0 = Release|Any CPU
		{53BC4568-5295-4428-8C8C-C0093D9DC67B}.AppStore|iPhoneSimulator.Deploy.0 = Release|Any CPU
		{53BC4568-5295-4428-8C8C-C0093D9DC67B}.AppStore|x64.ActiveCfg = Release|Any CPU
		{53BC4568-5295-4428-8C8C-C0093D9DC67B}.AppStore|x64.Build.0 = Release|Any CPU
		{53BC4568-5295-4428-8C8C-C0093D9DC67B}.AppStore|x64.Deploy.0 = Release|Any CPU
		{53BC4568-5295-4428-8C8C-C0093D9DC67B}.AppStore|x86.ActiveCfg = Release|Any CPU
		{53BC4568-5295-4428-8C8C-C0093D9DC67B}.AppStore|x86.Build.0 = Release|Any CPU
		{53BC4568-5295-4428-8C8C-C0093D9DC67B}.AppStore|x86.Deploy.0 = Release|Any CPU
		{53BC4568-5295-4428-8C8C-C0093D9DC67B}.Debug|Any CPU.ActiveCfg = Debug|Any CPU
		{53BC4568-5295-4428-8C8C-C0093D9DC67B}.Debug|Any CPU.Build.0 = Debug|Any CPU
		{53BC4568-5295-4428-8C8C-C0093D9DC67B}.Debug|Any CPU.Deploy.0 = Debug|Any CPU
		{53BC4568-5295-4428-8C8C-C0093D9DC67B}.Debug|ARM.ActiveCfg = Debug|Any CPU
		{53BC4568-5295-4428-8C8C-C0093D9DC67B}.Debug|ARM.Build.0 = Debug|Any CPU
		{53BC4568-5295-4428-8C8C-C0093D9DC67B}.Debug|ARM.Deploy.0 = Debug|Any CPU
		{53BC4568-5295-4428-8C8C-C0093D9DC67B}.Debug|iPhone.ActiveCfg = Debug|Any CPU
		{53BC4568-5295-4428-8C8C-C0093D9DC67B}.Debug|iPhone.Build.0 = Debug|Any CPU
		{53BC4568-5295-4428-8C8C-C0093D9DC67B}.Debug|iPhone.Deploy.0 = Debug|Any CPU
		{53BC4568-5295-4428-8C8C-C0093D9DC67B}.Debug|iPhoneSimulator.ActiveCfg = Debug|Any CPU
		{53BC4568-5295-4428-8C8C-C0093D9DC67B}.Debug|iPhoneSimulator.Build.0 = Debug|Any CPU
		{53BC4568-5295-4428-8C8C-C0093D9DC67B}.Debug|iPhoneSimulator.Deploy.0 = Debug|Any CPU
		{53BC4568-5295-4428-8C8C-C0093D9DC67B}.Debug|x64.ActiveCfg = Debug|Any CPU
		{53BC4568-5295-4428-8C8C-C0093D9DC67B}.Debug|x64.Build.0 = Debug|Any CPU
		{53BC4568-5295-4428-8C8C-C0093D9DC67B}.Debug|x64.Deploy.0 = Debug|Any CPU
		{53BC4568-5295-4428-8C8C-C0093D9DC67B}.Debug|x86.ActiveCfg = Debug|Any CPU
		{53BC4568-5295-4428-8C8C-C0093D9DC67B}.Debug|x86.Build.0 = Debug|Any CPU
		{53BC4568-5295-4428-8C8C-C0093D9DC67B}.Debug|x86.Deploy.0 = Debug|Any CPU
		{53BC4568-5295-4428-8C8C-C0093D9DC67B}.Release|Any CPU.ActiveCfg = Release|Any CPU
		{53BC4568-5295-4428-8C8C-C0093D9DC67B}.Release|Any CPU.Build.0 = Release|Any CPU
		{53BC4568-5295-4428-8C8C-C0093D9DC67B}.Release|Any CPU.Deploy.0 = Release|Any CPU
		{53BC4568-5295-4428-8C8C-C0093D9DC67B}.Release|ARM.ActiveCfg = Release|Any CPU
		{53BC4568-5295-4428-8C8C-C0093D9DC67B}.Release|ARM.Build.0 = Release|Any CPU
		{53BC4568-5295-4428-8C8C-C0093D9DC67B}.Release|ARM.Deploy.0 = Release|Any CPU
		{53BC4568-5295-4428-8C8C-C0093D9DC67B}.Release|iPhone.ActiveCfg = Release|Any CPU
		{53BC4568-5295-4428-8C8C-C0093D9DC67B}.Release|iPhone.Build.0 = Release|Any CPU
		{53BC4568-5295-4428-8C8C-C0093D9DC67B}.Release|iPhone.Deploy.0 = Release|Any CPU
		{53BC4568-5295-4428-8C8C-C0093D9DC67B}.Release|iPhoneSimulator.ActiveCfg = Release|Any CPU
		{53BC4568-5295-4428-8C8C-C0093D9DC67B}.Release|iPhoneSimulator.Build.0 = Release|Any CPU
		{53BC4568-5295-4428-8C8C-C0093D9DC67B}.Release|iPhoneSimulator.Deploy.0 = Release|Any CPU
		{53BC4568-5295-4428-8C8C-C0093D9DC67B}.Release|x64.ActiveCfg = Release|Any CPU
		{53BC4568-5295-4428-8C8C-C0093D9DC67B}.Release|x64.Build.0 = Release|Any CPU
		{53BC4568-5295-4428-8C8C-C0093D9DC67B}.Release|x64.Deploy.0 = Release|Any CPU
		{53BC4568-5295-4428-8C8C-C0093D9DC67B}.Release|x86.ActiveCfg = Release|Any CPU
		{53BC4568-5295-4428-8C8C-C0093D9DC67B}.Release|x86.Build.0 = Release|Any CPU
		{53BC4568-5295-4428-8C8C-C0093D9DC67B}.Release|x86.Deploy.0 = Release|Any CPU
		{FFF455A7-611B-4EE1-BE38-77654A86BA82}.Ad-Hoc|Any CPU.ActiveCfg = Ad-Hoc|iPhone
		{FFF455A7-611B-4EE1-BE38-77654A86BA82}.Ad-Hoc|ARM.ActiveCfg = Ad-Hoc|iPhone
		{FFF455A7-611B-4EE1-BE38-77654A86BA82}.Ad-Hoc|iPhone.ActiveCfg = Ad-Hoc|iPhone
		{FFF455A7-611B-4EE1-BE38-77654A86BA82}.Ad-Hoc|iPhone.Build.0 = Ad-Hoc|iPhone
		{FFF455A7-611B-4EE1-BE38-77654A86BA82}.Ad-Hoc|iPhoneSimulator.ActiveCfg = Ad-Hoc|iPhoneSimulator
		{FFF455A7-611B-4EE1-BE38-77654A86BA82}.Ad-Hoc|iPhoneSimulator.Build.0 = Ad-Hoc|iPhoneSimulator
		{FFF455A7-611B-4EE1-BE38-77654A86BA82}.Ad-Hoc|x64.ActiveCfg = Ad-Hoc|iPhone
		{FFF455A7-611B-4EE1-BE38-77654A86BA82}.Ad-Hoc|x86.ActiveCfg = Ad-Hoc|iPhone
		{FFF455A7-611B-4EE1-BE38-77654A86BA82}.AppStore|Any CPU.ActiveCfg = AppStore|iPhone
		{FFF455A7-611B-4EE1-BE38-77654A86BA82}.AppStore|ARM.ActiveCfg = AppStore|iPhone
		{FFF455A7-611B-4EE1-BE38-77654A86BA82}.AppStore|iPhone.ActiveCfg = AppStore|iPhone
		{FFF455A7-611B-4EE1-BE38-77654A86BA82}.AppStore|iPhone.Build.0 = AppStore|iPhone
		{FFF455A7-611B-4EE1-BE38-77654A86BA82}.AppStore|iPhoneSimulator.ActiveCfg = AppStore|iPhoneSimulator
		{FFF455A7-611B-4EE1-BE38-77654A86BA82}.AppStore|iPhoneSimulator.Build.0 = AppStore|iPhoneSimulator
		{FFF455A7-611B-4EE1-BE38-77654A86BA82}.AppStore|x64.ActiveCfg = AppStore|iPhone
		{FFF455A7-611B-4EE1-BE38-77654A86BA82}.AppStore|x86.ActiveCfg = AppStore|iPhone
		{FFF455A7-611B-4EE1-BE38-77654A86BA82}.Debug|Any CPU.ActiveCfg = Debug|iPhone
		{FFF455A7-611B-4EE1-BE38-77654A86BA82}.Debug|ARM.ActiveCfg = Debug|iPhone
		{FFF455A7-611B-4EE1-BE38-77654A86BA82}.Debug|iPhone.ActiveCfg = Debug|iPhone
		{FFF455A7-611B-4EE1-BE38-77654A86BA82}.Debug|iPhone.Build.0 = Debug|iPhone
		{FFF455A7-611B-4EE1-BE38-77654A86BA82}.Debug|iPhoneSimulator.ActiveCfg = Debug|iPhoneSimulator
		{FFF455A7-611B-4EE1-BE38-77654A86BA82}.Debug|iPhoneSimulator.Build.0 = Debug|iPhoneSimulator
		{FFF455A7-611B-4EE1-BE38-77654A86BA82}.Debug|x64.ActiveCfg = Debug|iPhone
		{FFF455A7-611B-4EE1-BE38-77654A86BA82}.Debug|x86.ActiveCfg = Debug|iPhone
		{FFF455A7-611B-4EE1-BE38-77654A86BA82}.Release|Any CPU.ActiveCfg = Release|iPhone
		{FFF455A7-611B-4EE1-BE38-77654A86BA82}.Release|ARM.ActiveCfg = Release|iPhone
		{FFF455A7-611B-4EE1-BE38-77654A86BA82}.Release|iPhone.ActiveCfg = Release|iPhone
		{FFF455A7-611B-4EE1-BE38-77654A86BA82}.Release|iPhone.Build.0 = Release|iPhone
		{FFF455A7-611B-4EE1-BE38-77654A86BA82}.Release|iPhoneSimulator.ActiveCfg = Release|iPhoneSimulator
		{FFF455A7-611B-4EE1-BE38-77654A86BA82}.Release|iPhoneSimulator.Build.0 = Release|iPhoneSimulator
		{FFF455A7-611B-4EE1-BE38-77654A86BA82}.Release|x64.ActiveCfg = Release|iPhone
		{FFF455A7-611B-4EE1-BE38-77654A86BA82}.Release|x86.ActiveCfg = Release|iPhone
		{E11F4934-9610-491B-BC06-29F83AA20373}.Ad-Hoc|Any CPU.ActiveCfg = Release|x86
		{E11F4934-9610-491B-BC06-29F83AA20373}.Ad-Hoc|Any CPU.Build.0 = Release|x86
		{E11F4934-9610-491B-BC06-29F83AA20373}.Ad-Hoc|Any CPU.Deploy.0 = Release|x86
		{E11F4934-9610-491B-BC06-29F83AA20373}.Ad-Hoc|ARM.ActiveCfg = Release|ARM
		{E11F4934-9610-491B-BC06-29F83AA20373}.Ad-Hoc|ARM.Build.0 = Release|ARM
		{E11F4934-9610-491B-BC06-29F83AA20373}.Ad-Hoc|ARM.Deploy.0 = Release|ARM
		{E11F4934-9610-491B-BC06-29F83AA20373}.Ad-Hoc|iPhone.ActiveCfg = Release|x86
		{E11F4934-9610-491B-BC06-29F83AA20373}.Ad-Hoc|iPhone.Build.0 = Release|x86
		{E11F4934-9610-491B-BC06-29F83AA20373}.Ad-Hoc|iPhone.Deploy.0 = Release|x86
		{E11F4934-9610-491B-BC06-29F83AA20373}.Ad-Hoc|iPhoneSimulator.ActiveCfg = Release|x86
		{E11F4934-9610-491B-BC06-29F83AA20373}.Ad-Hoc|iPhoneSimulator.Build.0 = Release|x86
		{E11F4934-9610-491B-BC06-29F83AA20373}.Ad-Hoc|iPhoneSimulator.Deploy.0 = Release|x86
		{E11F4934-9610-491B-BC06-29F83AA20373}.Ad-Hoc|x64.ActiveCfg = Release|x64
		{E11F4934-9610-491B-BC06-29F83AA20373}.Ad-Hoc|x64.Build.0 = Release|x64
		{E11F4934-9610-491B-BC06-29F83AA20373}.Ad-Hoc|x64.Deploy.0 = Release|x64
		{E11F4934-9610-491B-BC06-29F83AA20373}.Ad-Hoc|x86.ActiveCfg = Release|x86
		{E11F4934-9610-491B-BC06-29F83AA20373}.Ad-Hoc|x86.Build.0 = Release|x86
		{E11F4934-9610-491B-BC06-29F83AA20373}.Ad-Hoc|x86.Deploy.0 = Release|x86
		{E11F4934-9610-491B-BC06-29F83AA20373}.AppStore|Any CPU.ActiveCfg = Release|x86
		{E11F4934-9610-491B-BC06-29F83AA20373}.AppStore|Any CPU.Build.0 = Release|x86
		{E11F4934-9610-491B-BC06-29F83AA20373}.AppStore|Any CPU.Deploy.0 = Release|x86
		{E11F4934-9610-491B-BC06-29F83AA20373}.AppStore|ARM.ActiveCfg = Release|ARM
		{E11F4934-9610-491B-BC06-29F83AA20373}.AppStore|ARM.Build.0 = Release|ARM
		{E11F4934-9610-491B-BC06-29F83AA20373}.AppStore|ARM.Deploy.0 = Release|ARM
		{E11F4934-9610-491B-BC06-29F83AA20373}.AppStore|iPhone.ActiveCfg = Release|x86
		{E11F4934-9610-491B-BC06-29F83AA20373}.AppStore|iPhone.Build.0 = Release|x86
		{E11F4934-9610-491B-BC06-29F83AA20373}.AppStore|iPhone.Deploy.0 = Release|x86
		{E11F4934-9610-491B-BC06-29F83AA20373}.AppStore|iPhoneSimulator.ActiveCfg = Release|x86
		{E11F4934-9610-491B-BC06-29F83AA20373}.AppStore|iPhoneSimulator.Build.0 = Release|x86
		{E11F4934-9610-491B-BC06-29F83AA20373}.AppStore|iPhoneSimulator.Deploy.0 = Release|x86
		{E11F4934-9610-491B-BC06-29F83AA20373}.AppStore|x64.ActiveCfg = Release|x64
		{E11F4934-9610-491B-BC06-29F83AA20373}.AppStore|x64.Build.0 = Release|x64
		{E11F4934-9610-491B-BC06-29F83AA20373}.AppStore|x64.Deploy.0 = Release|x64
		{E11F4934-9610-491B-BC06-29F83AA20373}.AppStore|x86.ActiveCfg = Release|x86
		{E11F4934-9610-491B-BC06-29F83AA20373}.AppStore|x86.Build.0 = Release|x86
		{E11F4934-9610-491B-BC06-29F83AA20373}.AppStore|x86.Deploy.0 = Release|x86
		{E11F4934-9610-491B-BC06-29F83AA20373}.Debug|Any CPU.ActiveCfg = Debug|x86
		{E11F4934-9610-491B-BC06-29F83AA20373}.Debug|Any CPU.Build.0 = Debug|x86
		{E11F4934-9610-491B-BC06-29F83AA20373}.Debug|Any CPU.Deploy.0 = Debug|x86
		{E11F4934-9610-491B-BC06-29F83AA20373}.Debug|ARM.ActiveCfg = Debug|ARM
		{E11F4934-9610-491B-BC06-29F83AA20373}.Debug|ARM.Build.0 = Debug|ARM
		{E11F4934-9610-491B-BC06-29F83AA20373}.Debug|ARM.Deploy.0 = Debug|ARM
		{E11F4934-9610-491B-BC06-29F83AA20373}.Debug|iPhone.ActiveCfg = Debug|x86
		{E11F4934-9610-491B-BC06-29F83AA20373}.Debug|iPhoneSimulator.ActiveCfg = Debug|x86
		{E11F4934-9610-491B-BC06-29F83AA20373}.Debug|x64.ActiveCfg = Debug|x64
		{E11F4934-9610-491B-BC06-29F83AA20373}.Debug|x64.Build.0 = Debug|x64
		{E11F4934-9610-491B-BC06-29F83AA20373}.Debug|x64.Deploy.0 = Debug|x64
		{E11F4934-9610-491B-BC06-29F83AA20373}.Debug|x86.ActiveCfg = Debug|x86
		{E11F4934-9610-491B-BC06-29F83AA20373}.Debug|x86.Build.0 = Debug|x86
		{E11F4934-9610-491B-BC06-29F83AA20373}.Debug|x86.Deploy.0 = Debug|x86
		{E11F4934-9610-491B-BC06-29F83AA20373}.Release|Any CPU.ActiveCfg = Release|x86
		{E11F4934-9610-491B-BC06-29F83AA20373}.Release|ARM.ActiveCfg = Release|ARM
		{E11F4934-9610-491B-BC06-29F83AA20373}.Release|ARM.Build.0 = Release|ARM
		{E11F4934-9610-491B-BC06-29F83AA20373}.Release|ARM.Deploy.0 = Release|ARM
		{E11F4934-9610-491B-BC06-29F83AA20373}.Release|iPhone.ActiveCfg = Release|x86
		{E11F4934-9610-491B-BC06-29F83AA20373}.Release|iPhoneSimulator.ActiveCfg = Release|x86
		{E11F4934-9610-491B-BC06-29F83AA20373}.Release|x64.ActiveCfg = Release|x64
		{E11F4934-9610-491B-BC06-29F83AA20373}.Release|x64.Build.0 = Release|x64
		{E11F4934-9610-491B-BC06-29F83AA20373}.Release|x64.Deploy.0 = Release|x64
		{E11F4934-9610-491B-BC06-29F83AA20373}.Release|x86.ActiveCfg = Release|x86
		{E11F4934-9610-491B-BC06-29F83AA20373}.Release|x86.Build.0 = Release|x86
		{E11F4934-9610-491B-BC06-29F83AA20373}.Release|x86.Deploy.0 = Release|x86
		{25BC12B4-5A92-4364-A521-8C0B1941A416}.Ad-Hoc|Any CPU.ActiveCfg = Release|Any CPU
		{25BC12B4-5A92-4364-A521-8C0B1941A416}.Ad-Hoc|Any CPU.Build.0 = Release|Any CPU
		{25BC12B4-5A92-4364-A521-8C0B1941A416}.Ad-Hoc|Any CPU.Deploy.0 = Release|Any CPU
		{25BC12B4-5A92-4364-A521-8C0B1941A416}.Ad-Hoc|ARM.ActiveCfg = Release|ARM
		{25BC12B4-5A92-4364-A521-8C0B1941A416}.Ad-Hoc|ARM.Build.0 = Release|ARM
		{25BC12B4-5A92-4364-A521-8C0B1941A416}.Ad-Hoc|ARM.Deploy.0 = Release|ARM
		{25BC12B4-5A92-4364-A521-8C0B1941A416}.Ad-Hoc|iPhone.ActiveCfg = Release|Any CPU
		{25BC12B4-5A92-4364-A521-8C0B1941A416}.Ad-Hoc|iPhone.Build.0 = Release|Any CPU
		{25BC12B4-5A92-4364-A521-8C0B1941A416}.Ad-Hoc|iPhone.Deploy.0 = Release|Any CPU
		{25BC12B4-5A92-4364-A521-8C0B1941A416}.Ad-Hoc|iPhoneSimulator.ActiveCfg = Release|Any CPU
		{25BC12B4-5A92-4364-A521-8C0B1941A416}.Ad-Hoc|iPhoneSimulator.Build.0 = Release|Any CPU
		{25BC12B4-5A92-4364-A521-8C0B1941A416}.Ad-Hoc|iPhoneSimulator.Deploy.0 = Release|Any CPU
		{25BC12B4-5A92-4364-A521-8C0B1941A416}.Ad-Hoc|x64.ActiveCfg = Release|x64
		{25BC12B4-5A92-4364-A521-8C0B1941A416}.Ad-Hoc|x64.Build.0 = Release|x64
		{25BC12B4-5A92-4364-A521-8C0B1941A416}.Ad-Hoc|x64.Deploy.0 = Release|x64
		{25BC12B4-5A92-4364-A521-8C0B1941A416}.Ad-Hoc|x86.ActiveCfg = Release|x86
		{25BC12B4-5A92-4364-A521-8C0B1941A416}.Ad-Hoc|x86.Build.0 = Release|x86
		{25BC12B4-5A92-4364-A521-8C0B1941A416}.Ad-Hoc|x86.Deploy.0 = Release|x86
		{25BC12B4-5A92-4364-A521-8C0B1941A416}.AppStore|Any CPU.ActiveCfg = Release|Any CPU
		{25BC12B4-5A92-4364-A521-8C0B1941A416}.AppStore|Any CPU.Build.0 = Release|Any CPU
		{25BC12B4-5A92-4364-A521-8C0B1941A416}.AppStore|Any CPU.Deploy.0 = Release|Any CPU
		{25BC12B4-5A92-4364-A521-8C0B1941A416}.AppStore|ARM.ActiveCfg = Release|ARM
		{25BC12B4-5A92-4364-A521-8C0B1941A416}.AppStore|ARM.Build.0 = Release|ARM
		{25BC12B4-5A92-4364-A521-8C0B1941A416}.AppStore|ARM.Deploy.0 = Release|ARM
		{25BC12B4-5A92-4364-A521-8C0B1941A416}.AppStore|iPhone.ActiveCfg = Release|Any CPU
		{25BC12B4-5A92-4364-A521-8C0B1941A416}.AppStore|iPhone.Build.0 = Release|Any CPU
		{25BC12B4-5A92-4364-A521-8C0B1941A416}.AppStore|iPhone.Deploy.0 = Release|Any CPU
		{25BC12B4-5A92-4364-A521-8C0B1941A416}.AppStore|iPhoneSimulator.ActiveCfg = Release|Any CPU
		{25BC12B4-5A92-4364-A521-8C0B1941A416}.AppStore|iPhoneSimulator.Build.0 = Release|Any CPU
		{25BC12B4-5A92-4364-A521-8C0B1941A416}.AppStore|iPhoneSimulator.Deploy.0 = Release|Any CPU
		{25BC12B4-5A92-4364-A521-8C0B1941A416}.AppStore|x64.ActiveCfg = Release|x64
		{25BC12B4-5A92-4364-A521-8C0B1941A416}.AppStore|x64.Build.0 = Release|x64
		{25BC12B4-5A92-4364-A521-8C0B1941A416}.AppStore|x64.Deploy.0 = Release|x64
		{25BC12B4-5A92-4364-A521-8C0B1941A416}.AppStore|x86.ActiveCfg = Release|x86
		{25BC12B4-5A92-4364-A521-8C0B1941A416}.AppStore|x86.Build.0 = Release|x86
		{25BC12B4-5A92-4364-A521-8C0B1941A416}.AppStore|x86.Deploy.0 = Release|x86
		{25BC12B4-5A92-4364-A521-8C0B1941A416}.Debug|Any CPU.ActiveCfg = Debug|Any CPU
		{25BC12B4-5A92-4364-A521-8C0B1941A416}.Debug|Any CPU.Build.0 = Debug|Any CPU
		{25BC12B4-5A92-4364-A521-8C0B1941A416}.Debug|Any CPU.Deploy.0 = Debug|Any CPU
		{25BC12B4-5A92-4364-A521-8C0B1941A416}.Debug|ARM.ActiveCfg = Debug|ARM
		{25BC12B4-5A92-4364-A521-8C0B1941A416}.Debug|ARM.Build.0 = Debug|ARM
		{25BC12B4-5A92-4364-A521-8C0B1941A416}.Debug|ARM.Deploy.0 = Debug|ARM
		{25BC12B4-5A92-4364-A521-8C0B1941A416}.Debug|iPhone.ActiveCfg = Debug|Any CPU
		{25BC12B4-5A92-4364-A521-8C0B1941A416}.Debug|iPhone.Build.0 = Debug|Any CPU
		{25BC12B4-5A92-4364-A521-8C0B1941A416}.Debug|iPhone.Deploy.0 = Debug|Any CPU
		{25BC12B4-5A92-4364-A521-8C0B1941A416}.Debug|iPhoneSimulator.ActiveCfg = Debug|Any CPU
		{25BC12B4-5A92-4364-A521-8C0B1941A416}.Debug|iPhoneSimulator.Build.0 = Debug|Any CPU
		{25BC12B4-5A92-4364-A521-8C0B1941A416}.Debug|iPhoneSimulator.Deploy.0 = Debug|Any CPU
		{25BC12B4-5A92-4364-A521-8C0B1941A416}.Debug|x64.ActiveCfg = Debug|x64
		{25BC12B4-5A92-4364-A521-8C0B1941A416}.Debug|x64.Build.0 = Debug|x64
		{25BC12B4-5A92-4364-A521-8C0B1941A416}.Debug|x64.Deploy.0 = Debug|x64
		{25BC12B4-5A92-4364-A521-8C0B1941A416}.Debug|x86.ActiveCfg = Debug|x86
		{25BC12B4-5A92-4364-A521-8C0B1941A416}.Debug|x86.Build.0 = Debug|x86
		{25BC12B4-5A92-4364-A521-8C0B1941A416}.Debug|x86.Deploy.0 = Debug|x86
		{25BC12B4-5A92-4364-A521-8C0B1941A416}.Release|Any CPU.ActiveCfg = Release|Any CPU
		{25BC12B4-5A92-4364-A521-8C0B1941A416}.Release|Any CPU.Build.0 = Release|Any CPU
		{25BC12B4-5A92-4364-A521-8C0B1941A416}.Release|Any CPU.Deploy.0 = Release|Any CPU
		{25BC12B4-5A92-4364-A521-8C0B1941A416}.Release|ARM.ActiveCfg = Release|ARM
		{25BC12B4-5A92-4364-A521-8C0B1941A416}.Release|ARM.Build.0 = Release|ARM
		{25BC12B4-5A92-4364-A521-8C0B1941A416}.Release|ARM.Deploy.0 = Release|ARM
		{25BC12B4-5A92-4364-A521-8C0B1941A416}.Release|iPhone.ActiveCfg = Release|Any CPU
		{25BC12B4-5A92-4364-A521-8C0B1941A416}.Release|iPhone.Build.0 = Release|Any CPU
		{25BC12B4-5A92-4364-A521-8C0B1941A416}.Release|iPhone.Deploy.0 = Release|Any CPU
		{25BC12B4-5A92-4364-A521-8C0B1941A416}.Release|iPhoneSimulator.ActiveCfg = Release|Any CPU
		{25BC12B4-5A92-4364-A521-8C0B1941A416}.Release|iPhoneSimulator.Build.0 = Release|Any CPU
		{25BC12B4-5A92-4364-A521-8C0B1941A416}.Release|iPhoneSimulator.Deploy.0 = Release|Any CPU
		{25BC12B4-5A92-4364-A521-8C0B1941A416}.Release|x64.ActiveCfg = Release|x64
		{25BC12B4-5A92-4364-A521-8C0B1941A416}.Release|x64.Build.0 = Release|x64
		{25BC12B4-5A92-4364-A521-8C0B1941A416}.Release|x64.Deploy.0 = Release|x64
		{25BC12B4-5A92-4364-A521-8C0B1941A416}.Release|x86.ActiveCfg = Release|x86
		{25BC12B4-5A92-4364-A521-8C0B1941A416}.Release|x86.Build.0 = Release|x86
		{25BC12B4-5A92-4364-A521-8C0B1941A416}.Release|x86.Deploy.0 = Release|x86
		{2547DCFF-50A6-4E64-8BA6-9FEB8B5443D3}.Ad-Hoc|Any CPU.ActiveCfg = Release|Any CPU
		{2547DCFF-50A6-4E64-8BA6-9FEB8B5443D3}.Ad-Hoc|Any CPU.Build.0 = Release|Any CPU
		{2547DCFF-50A6-4E64-8BA6-9FEB8B5443D3}.Ad-Hoc|Any CPU.Deploy.0 = Release|Any CPU
		{2547DCFF-50A6-4E64-8BA6-9FEB8B5443D3}.Ad-Hoc|ARM.ActiveCfg = Release|ARM
		{2547DCFF-50A6-4E64-8BA6-9FEB8B5443D3}.Ad-Hoc|ARM.Build.0 = Release|ARM
		{2547DCFF-50A6-4E64-8BA6-9FEB8B5443D3}.Ad-Hoc|ARM.Deploy.0 = Release|ARM
		{2547DCFF-50A6-4E64-8BA6-9FEB8B5443D3}.Ad-Hoc|iPhone.ActiveCfg = Release|Any CPU
		{2547DCFF-50A6-4E64-8BA6-9FEB8B5443D3}.Ad-Hoc|iPhone.Build.0 = Release|Any CPU
		{2547DCFF-50A6-4E64-8BA6-9FEB8B5443D3}.Ad-Hoc|iPhone.Deploy.0 = Release|Any CPU
		{2547DCFF-50A6-4E64-8BA6-9FEB8B5443D3}.Ad-Hoc|iPhoneSimulator.ActiveCfg = Release|Any CPU
		{2547DCFF-50A6-4E64-8BA6-9FEB8B5443D3}.Ad-Hoc|iPhoneSimulator.Build.0 = Release|Any CPU
		{2547DCFF-50A6-4E64-8BA6-9FEB8B5443D3}.Ad-Hoc|iPhoneSimulator.Deploy.0 = Release|Any CPU
		{2547DCFF-50A6-4E64-8BA6-9FEB8B5443D3}.Ad-Hoc|x64.ActiveCfg = Release|Any CPU
		{2547DCFF-50A6-4E64-8BA6-9FEB8B5443D3}.Ad-Hoc|x64.Build.0 = Release|Any CPU
		{2547DCFF-50A6-4E64-8BA6-9FEB8B5443D3}.Ad-Hoc|x64.Deploy.0 = Release|Any CPU
		{2547DCFF-50A6-4E64-8BA6-9FEB8B5443D3}.Ad-Hoc|x86.ActiveCfg = Release|x86
		{2547DCFF-50A6-4E64-8BA6-9FEB8B5443D3}.Ad-Hoc|x86.Build.0 = Release|x86
		{2547DCFF-50A6-4E64-8BA6-9FEB8B5443D3}.Ad-Hoc|x86.Deploy.0 = Release|x86
		{2547DCFF-50A6-4E64-8BA6-9FEB8B5443D3}.AppStore|Any CPU.ActiveCfg = Release|Any CPU
		{2547DCFF-50A6-4E64-8BA6-9FEB8B5443D3}.AppStore|Any CPU.Build.0 = Release|Any CPU
		{2547DCFF-50A6-4E64-8BA6-9FEB8B5443D3}.AppStore|Any CPU.Deploy.0 = Release|Any CPU
		{2547DCFF-50A6-4E64-8BA6-9FEB8B5443D3}.AppStore|ARM.ActiveCfg = Release|ARM
		{2547DCFF-50A6-4E64-8BA6-9FEB8B5443D3}.AppStore|ARM.Build.0 = Release|ARM
		{2547DCFF-50A6-4E64-8BA6-9FEB8B5443D3}.AppStore|ARM.Deploy.0 = Release|ARM
		{2547DCFF-50A6-4E64-8BA6-9FEB8B5443D3}.AppStore|iPhone.ActiveCfg = Release|Any CPU
		{2547DCFF-50A6-4E64-8BA6-9FEB8B5443D3}.AppStore|iPhone.Build.0 = Release|Any CPU
		{2547DCFF-50A6-4E64-8BA6-9FEB8B5443D3}.AppStore|iPhone.Deploy.0 = Release|Any CPU
		{2547DCFF-50A6-4E64-8BA6-9FEB8B5443D3}.AppStore|iPhoneSimulator.ActiveCfg = Release|Any CPU
		{2547DCFF-50A6-4E64-8BA6-9FEB8B5443D3}.AppStore|iPhoneSimulator.Build.0 = Release|Any CPU
		{2547DCFF-50A6-4E64-8BA6-9FEB8B5443D3}.AppStore|iPhoneSimulator.Deploy.0 = Release|Any CPU
		{2547DCFF-50A6-4E64-8BA6-9FEB8B5443D3}.AppStore|x64.ActiveCfg = Release|Any CPU
		{2547DCFF-50A6-4E64-8BA6-9FEB8B5443D3}.AppStore|x64.Build.0 = Release|Any CPU
		{2547DCFF-50A6-4E64-8BA6-9FEB8B5443D3}.AppStore|x64.Deploy.0 = Release|Any CPU
		{2547DCFF-50A6-4E64-8BA6-9FEB8B5443D3}.AppStore|x86.ActiveCfg = Release|x86
		{2547DCFF-50A6-4E64-8BA6-9FEB8B5443D3}.AppStore|x86.Build.0 = Release|x86
		{2547DCFF-50A6-4E64-8BA6-9FEB8B5443D3}.AppStore|x86.Deploy.0 = Release|x86
		{2547DCFF-50A6-4E64-8BA6-9FEB8B5443D3}.Debug|Any CPU.ActiveCfg = Debug|Any CPU
		{2547DCFF-50A6-4E64-8BA6-9FEB8B5443D3}.Debug|Any CPU.Build.0 = Debug|Any CPU
		{2547DCFF-50A6-4E64-8BA6-9FEB8B5443D3}.Debug|Any CPU.Deploy.0 = Debug|Any CPU
		{2547DCFF-50A6-4E64-8BA6-9FEB8B5443D3}.Debug|ARM.ActiveCfg = Debug|ARM
		{2547DCFF-50A6-4E64-8BA6-9FEB8B5443D3}.Debug|ARM.Build.0 = Debug|ARM
		{2547DCFF-50A6-4E64-8BA6-9FEB8B5443D3}.Debug|ARM.Deploy.0 = Debug|ARM
		{2547DCFF-50A6-4E64-8BA6-9FEB8B5443D3}.Debug|iPhone.ActiveCfg = Debug|Any CPU
		{2547DCFF-50A6-4E64-8BA6-9FEB8B5443D3}.Debug|iPhone.Build.0 = Debug|Any CPU
		{2547DCFF-50A6-4E64-8BA6-9FEB8B5443D3}.Debug|iPhone.Deploy.0 = Debug|Any CPU
		{2547DCFF-50A6-4E64-8BA6-9FEB8B5443D3}.Debug|iPhoneSimulator.ActiveCfg = Debug|Any CPU
		{2547DCFF-50A6-4E64-8BA6-9FEB8B5443D3}.Debug|iPhoneSimulator.Build.0 = Debug|Any CPU
		{2547DCFF-50A6-4E64-8BA6-9FEB8B5443D3}.Debug|iPhoneSimulator.Deploy.0 = Debug|Any CPU
		{2547DCFF-50A6-4E64-8BA6-9FEB8B5443D3}.Debug|x64.ActiveCfg = Debug|Any CPU
		{2547DCFF-50A6-4E64-8BA6-9FEB8B5443D3}.Debug|x64.Build.0 = Debug|Any CPU
		{2547DCFF-50A6-4E64-8BA6-9FEB8B5443D3}.Debug|x64.Deploy.0 = Debug|Any CPU
		{2547DCFF-50A6-4E64-8BA6-9FEB8B5443D3}.Debug|x86.ActiveCfg = Debug|x86
		{2547DCFF-50A6-4E64-8BA6-9FEB8B5443D3}.Debug|x86.Build.0 = Debug|x86
		{2547DCFF-50A6-4E64-8BA6-9FEB8B5443D3}.Debug|x86.Deploy.0 = Debug|x86
		{2547DCFF-50A6-4E64-8BA6-9FEB8B5443D3}.Release|Any CPU.ActiveCfg = Release|Any CPU
		{2547DCFF-50A6-4E64-8BA6-9FEB8B5443D3}.Release|Any CPU.Build.0 = Release|Any CPU
		{2547DCFF-50A6-4E64-8BA6-9FEB8B5443D3}.Release|Any CPU.Deploy.0 = Release|Any CPU
		{2547DCFF-50A6-4E64-8BA6-9FEB8B5443D3}.Release|ARM.ActiveCfg = Release|ARM
		{2547DCFF-50A6-4E64-8BA6-9FEB8B5443D3}.Release|ARM.Build.0 = Release|ARM
		{2547DCFF-50A6-4E64-8BA6-9FEB8B5443D3}.Release|ARM.Deploy.0 = Release|ARM
		{2547DCFF-50A6-4E64-8BA6-9FEB8B5443D3}.Release|iPhone.ActiveCfg = Release|Any CPU
		{2547DCFF-50A6-4E64-8BA6-9FEB8B5443D3}.Release|iPhone.Build.0 = Release|Any CPU
		{2547DCFF-50A6-4E64-8BA6-9FEB8B5443D3}.Release|iPhone.Deploy.0 = Release|Any CPU
		{2547DCFF-50A6-4E64-8BA6-9FEB8B5443D3}.Release|iPhoneSimulator.ActiveCfg = Release|Any CPU
		{2547DCFF-50A6-4E64-8BA6-9FEB8B5443D3}.Release|iPhoneSimulator.Build.0 = Release|Any CPU
		{2547DCFF-50A6-4E64-8BA6-9FEB8B5443D3}.Release|iPhoneSimulator.Deploy.0 = Release|Any CPU
		{2547DCFF-50A6-4E64-8BA6-9FEB8B5443D3}.Release|x64.ActiveCfg = Release|Any CPU
		{2547DCFF-50A6-4E64-8BA6-9FEB8B5443D3}.Release|x64.Build.0 = Release|Any CPU
		{2547DCFF-50A6-4E64-8BA6-9FEB8B5443D3}.Release|x64.Deploy.0 = Release|Any CPU
		{2547DCFF-50A6-4E64-8BA6-9FEB8B5443D3}.Release|x86.ActiveCfg = Release|x86
		{2547DCFF-50A6-4E64-8BA6-9FEB8B5443D3}.Release|x86.Build.0 = Release|x86
		{2547DCFF-50A6-4E64-8BA6-9FEB8B5443D3}.Release|x86.Deploy.0 = Release|x86
	EndGlobalSection
	GlobalSection(SolutionProperties) = preSolution
		HideSolutionNode = FALSE
	EndGlobalSection
EndGlobal
